
Microsoft Visual Studio Solution File, Format Version 12.00
# Visual Studio Version 17
VisualStudioVersion = 17.9.34701.34
MinimumVisualStudioVersion = 10.0.40219.1
Project("{9A19103F-16F7-4668-BE54-9A1E7A4F7556}") = "LibreriaAriel", "LibreriaAriel\LibreriaAriel.csproj", "{B8933F67-B2DC-442E-95C6-42779D4C4EED}"
EndProject
Project("{9A19103F-16F7-4668-BE54-9A1E7A4F7556}") = "LibreriaArielMSTest", "LibreriaArielMSTest\LibreriaArielMSTest.csproj", "{0DA0638A-EC72-42FA-87DD-54E42A8FC41F}"
EndProject
Project("{FAE04EC0-301F-11D3-BF4B-00C04F79EFBC}") = "LibreriaArielNUnitTest", "LibreriaArielNUnitTest\LibreriaArielNUnitTest.csproj", "{8ACC9058-D0A1-44B8-BD2A-12260F2F9E24}"
EndProject
Global
	GlobalSection(SolutionConfigurationPlatforms) = preSolution
		Debug|Any CPU = Debug|Any CPU
		Release|Any CPU = Release|Any CPU
	EndGlobalSection
	GlobalSection(ProjectConfigurationPlatforms) = postSolution
		{B8933F67-B2DC-442E-95C6-42779D4C4EED}.Debug|Any CPU.ActiveCfg = Debug|Any CPU
		{B8933F67-B2DC-442E-95C6-42779D4C4EED}.Debug|Any CPU.Build.0 = Debug|Any CPU
		{B8933F67-B2DC-442E-95C6-42779D4C4EED}.Release|Any CPU.ActiveCfg = Release|Any CPU
		{B8933F67-B2DC-442E-95C6-42779D4C4EED}.Release|Any CPU.Build.0 = Release|Any CPU
		{0DA0638A-EC72-42FA-87DD-54E42A8FC41F}.Debug|Any CPU.ActiveCfg = Debug|Any CPU
		{0DA0638A-EC72-42FA-87DD-54E42A8FC41F}.Debug|Any CPU.Build.0 = Debug|Any CPU
		{0DA0638A-EC72-42FA-87DD-54E42A8FC41F}.Release|Any CPU.ActiveCfg = Release|Any CPU
		{0DA0638A-EC72-42FA-87DD-54E42A8FC41F}.Release|Any CPU.Build.0 = Release|Any CPU
		{8ACC9058-D0A1-44B8-BD2A-12260F2F9E24}.Debug|Any CPU.ActiveCfg = Debug|Any CPU
		{8ACC9058-D0A1-44B8-BD2A-12260F2F9E24}.Debug|Any CPU.Build.0 = Debug|Any CPU
		{8ACC9058-D0A1-44B8-BD2A-12260F2F9E24}.Release|Any CPU.ActiveCfg = Release|Any CPU
		{8ACC9058-D0A1-44B8-BD2A-12260F2F9E24}.Release|Any CPU.Build.0 = Release|Any CPU
	EndGlobalSection
	GlobalSection(SolutionProperties) = preSolution
		HideSolutionNode = FALSE
	EndGlobalSection
	GlobalSection(ExtensibilityGlobals) = postSolution
		SolutionGuid = {361EE1EE-E5ED-4610-AE17-BCE18AE93263}
	EndGlobalSection
EndGlobal
